
Microsoft Visual Studio Solution File, Format Version 12.00
# Visual Studio Version 17
VisualStudioVersion = 17.11.35208.52
MinimumVisualStudioVersion = 10.0.40219.1
Project("{2150E333-8FDC-42A3-9474-1A3956D46DE8}") = "01", "01", "{23F055A2-BF4B-4ACF-B24B-D96A002740D4}"
EndProject
Project("{2150E333-8FDC-42A3-9474-1A3956D46DE8}") = "02", "02", "{CC451554-DDE8-4071-9718-ECDBCAFCDB72}"
EndProject
Project("{2150E333-8FDC-42A3-9474-1A3956D46DE8}") = "03", "03", "{DFDAD64F-2B73-4A98-A642-2A76EC5790EC}"
EndProject
Project("{2150E333-8FDC-42A3-9474-1A3956D46DE8}") = "04", "04", "{2C0D9905-A72F-4091-91AF-24C643FE257C}"
EndProject
Project("{9A19103F-16F7-4668-BE54-9A1E7A4F7556}") = "Ejercicio03.Consola", "Ejercicio03.Consola\Ejercicio03.Consola.csproj", "{3DB4EB3C-DCC2-4D3D-A05F-8D84A3D6FC8A}"
EndProject
Project("{9A19103F-16F7-4668-BE54-9A1E7A4F7556}") = "Ejercicio03.Entidades", "Ejercicio03.Entidades\Ejercicio03.Entidades.csproj", "{7398767C-BCE3-41F6-A46A-D3757A8A3ABE}"
EndProject
Project("{9A19103F-16F7-4668-BE54-9A1E7A4F7556}") = "Ejercicio04.Consola", "Ejercicio04.Consola\Ejercicio04.Consola.csproj", "{F47E01F9-1293-4DA2-B9DC-28F3FE95B383}"
EndProject
Project("{9A19103F-16F7-4668-BE54-9A1E7A4F7556}") = "Ejercicio04.Entidades", "Ejercicio04.Entidades\Ejercicio04.Entidades.csproj", "{63E6F17E-BFB9-4E68-B18A-49F6E141593C}"
EndProject
Project("{9A19103F-16F7-4668-BE54-9A1E7A4F7556}") = "Ejercicio04.Datos", "Ejercicio04.Datos\Ejercicio04.Datos.csproj", "{970B781F-9BEC-44E9-AA08-43973838BE16}"
EndProject
Project("{9A19103F-16F7-4668-BE54-9A1E7A4F7556}") = "Ejercicio01.Consola", "Ejercicio01.Consola\Ejercicio01.Consola.csproj", "{167FD49B-D082-41D7-80AC-63A67A9C2EF0}"
EndProject
Project("{9A19103F-16F7-4668-BE54-9A1E7A4F7556}") = "Ejercicio01.Entidades", "Ejercicio01.Entidades\Ejercicio01.Entidades.csproj", "{E81FFD3D-81DE-4A7B-9FE7-78A5A5455486}"
EndProject
Project("{9A19103F-16F7-4668-BE54-9A1E7A4F7556}") = "Ejercicio02.Entidades", "Ejercicio02.Entidades\Ejercicio02.Entidades.csproj", "{E68079C8-5FFF-4ED8-B07C-1F79C0CFCCAC}"
EndProject
Project("{9A19103F-16F7-4668-BE54-9A1E7A4F7556}") = "Ejercicio02.Consola", "Ejercicio02.Consola\Ejercicio02.Consola.csproj", "{56278B62-1664-4322-BD19-100CB1615F9A}"
EndProject
Project("{2150E333-8FDC-42A3-9474-1A3956D46DE8}") = "Shared", "Shared", "{7952CE43-D06C-4D4B-B8E6-8C9916F8B123}"
EndProject
Project("{9A19103F-16F7-4668-BE54-9A1E7A4F7556}") = "PrimerParcialPOO2024Tema2.Shared", "PrimerParcialPOO2024Tema2.Shared\PrimerParcialPOO2024Tema2.Shared.csproj", "{9358E19E-39EE-4E47-B286-2BB462B8ADA6}"
EndProject
Project("{FAE04EC0-301F-11D3-BF4B-00C04F79EFBC}") = "Ejercicio01.Entidades", "Ejercicio Consola01\Ejercicio01.Entidades.csproj", "{96CF4A52-92F0-4010-89C4-36AAB152D2A2}"
EndProject
Global
	GlobalSection(SolutionConfigurationPlatforms) = preSolution
		Debug|Any CPU = Debug|Any CPU
		Release|Any CPU = Release|Any CPU
	EndGlobalSection
	GlobalSection(ProjectConfigurationPlatforms) = postSolution
		{3DB4EB3C-DCC2-4D3D-A05F-8D84A3D6FC8A}.Debug|Any CPU.ActiveCfg = Debug|Any CPU
		{3DB4EB3C-DCC2-4D3D-A05F-8D84A3D6FC8A}.Debug|Any CPU.Build.0 = Debug|Any CPU
		{3DB4EB3C-DCC2-4D3D-A05F-8D84A3D6FC8A}.Release|Any CPU.ActiveCfg = Release|Any CPU
		{3DB4EB3C-DCC2-4D3D-A05F-8D84A3D6FC8A}.Release|Any CPU.Build.0 = Release|Any CPU
		{7398767C-BCE3-41F6-A46A-D3757A8A3ABE}.Debug|Any CPU.ActiveCfg = Debug|Any CPU
		{7398767C-BCE3-41F6-A46A-D3757A8A3ABE}.Debug|Any CPU.Build.0 = Debug|Any CPU
		{7398767C-BCE3-41F6-A46A-D3757A8A3ABE}.Release|Any CPU.ActiveCfg = Release|Any CPU
		{7398767C-BCE3-41F6-A46A-D3757A8A3ABE}.Release|Any CPU.Build.0 = Release|Any CPU
		{F47E01F9-1293-4DA2-B9DC-28F3FE95B383}.Debug|Any CPU.ActiveCfg = Debug|Any CPU
		{F47E01F9-1293-4DA2-B9DC-28F3FE95B383}.Debug|Any CPU.Build.0 = Debug|Any CPU
		{F47E01F9-1293-4DA2-B9DC-28F3FE95B383}.Release|Any CPU.ActiveCfg = Release|Any CPU
		{F47E01F9-1293-4DA2-B9DC-28F3FE95B383}.Release|Any CPU.Build.0 = Release|Any CPU
		{63E6F17E-BFB9-4E68-B18A-49F6E141593C}.Debug|Any CPU.ActiveCfg = Debug|Any CPU
		{63E6F17E-BFB9-4E68-B18A-49F6E141593C}.Debug|Any CPU.Build.0 = Debug|Any CPU
		{63E6F17E-BFB9-4E68-B18A-49F6E141593C}.Release|Any CPU.ActiveCfg = Release|Any CPU
		{63E6F17E-BFB9-4E68-B18A-49F6E141593C}.Release|Any CPU.Build.0 = Release|Any CPU
		{970B781F-9BEC-44E9-AA08-43973838BE16}.Debug|Any CPU.ActiveCfg = Debug|Any CPU
		{970B781F-9BEC-44E9-AA08-43973838BE16}.Debug|Any CPU.Build.0 = Debug|Any CPU
		{970B781F-9BEC-44E9-AA08-43973838BE16}.Release|Any CPU.ActiveCfg = Release|Any CPU
		{970B781F-9BEC-44E9-AA08-43973838BE16}.Release|Any CPU.Build.0 = Release|Any CPU
		{167FD49B-D082-41D7-80AC-63A67A9C2EF0}.Debug|Any CPU.ActiveCfg = Debug|Any CPU
		{167FD49B-D082-41D7-80AC-63A67A9C2EF0}.Debug|Any CPU.Build.0 = Debug|Any CPU
		{167FD49B-D082-41D7-80AC-63A67A9C2EF0}.Release|Any CPU.ActiveCfg = Release|Any CPU
		{167FD49B-D082-41D7-80AC-63A67A9C2EF0}.Release|Any CPU.Build.0 = Release|Any CPU
		{E81FFD3D-81DE-4A7B-9FE7-78A5A5455486}.Debug|Any CPU.ActiveCfg = Debug|Any CPU
		{E81FFD3D-81DE-4A7B-9FE7-78A5A5455486}.Debug|Any CPU.Build.0 = Debug|Any CPU
		{E81FFD3D-81DE-4A7B-9FE7-78A5A5455486}.Release|Any CPU.ActiveCfg = Release|Any CPU
		{E81FFD3D-81DE-4A7B-9FE7-78A5A5455486}.Release|Any CPU.Build.0 = Release|Any CPU
		{E68079C8-5FFF-4ED8-B07C-1F79C0CFCCAC}.Debug|Any CPU.ActiveCfg = Debug|Any CPU
		{E68079C8-5FFF-4ED8-B07C-1F79C0CFCCAC}.Debug|Any CPU.Build.0 = Debug|Any CPU
		{E68079C8-5FFF-4ED8-B07C-1F79C0CFCCAC}.Release|Any CPU.ActiveCfg = Release|Any CPU
		{E68079C8-5FFF-4ED8-B07C-1F79C0CFCCAC}.Release|Any CPU.Build.0 = Release|Any CPU
		{56278B62-1664-4322-BD19-100CB1615F9A}.Debug|Any CPU.ActiveCfg = Debug|Any CPU
		{56278B62-1664-4322-BD19-100CB1615F9A}.Debug|Any CPU.Build.0 = Debug|Any CPU
		{56278B62-1664-4322-BD19-100CB1615F9A}.Release|Any CPU.ActiveCfg = Release|Any CPU
		{56278B62-1664-4322-BD19-100CB1615F9A}.Release|Any CPU.Build.0 = Release|Any CPU
		{9358E19E-39EE-4E47-B286-2BB462B8ADA6}.Debug|Any CPU.ActiveCfg = Debug|Any CPU
		{9358E19E-39EE-4E47-B286-2BB462B8ADA6}.Debug|Any CPU.Build.0 = Debug|Any CPU
		{9358E19E-39EE-4E47-B286-2BB462B8ADA6}.Release|Any CPU.ActiveCfg = Release|Any CPU
		{9358E19E-39EE-4E47-B286-2BB462B8ADA6}.Release|Any CPU.Build.0 = Release|Any CPU
		{96CF4A52-92F0-4010-89C4-36AAB152D2A2}.Debug|Any CPU.ActiveCfg = Debug|Any CPU
		{96CF4A52-92F0-4010-89C4-36AAB152D2A2}.Debug|Any CPU.Build.0 = Debug|Any CPU
		{96CF4A52-92F0-4010-89C4-36AAB152D2A2}.Release|Any CPU.ActiveCfg = Release|Any CPU
		{96CF4A52-92F0-4010-89C4-36AAB152D2A2}.Release|Any CPU.Build.0 = Release|Any CPU
	EndGlobalSection
	GlobalSection(SolutionProperties) = preSolution
		HideSolutionNode = FALSE
	EndGlobalSection
	GlobalSection(NestedProjects) = preSolution
		{3DB4EB3C-DCC2-4D3D-A05F-8D84A3D6FC8A} = {DFDAD64F-2B73-4A98-A642-2A76EC5790EC}
		{7398767C-BCE3-41F6-A46A-D3757A8A3ABE} = {DFDAD64F-2B73-4A98-A642-2A76EC5790EC}
		{F47E01F9-1293-4DA2-B9DC-28F3FE95B383} = {2C0D9905-A72F-4091-91AF-24C643FE257C}
		{63E6F17E-BFB9-4E68-B18A-49F6E141593C} = {2C0D9905-A72F-4091-91AF-24C643FE257C}
		{970B781F-9BEC-44E9-AA08-43973838BE16} = {2C0D9905-A72F-4091-91AF-24C643FE257C}
		{167FD49B-D082-41D7-80AC-63A67A9C2EF0} = {23F055A2-BF4B-4ACF-B24B-D96A002740D4}
		{E68079C8-5FFF-4ED8-B07C-1F79C0CFCCAC} = {CC451554-DDE8-4071-9718-ECDBCAFCDB72}
		{56278B62-1664-4322-BD19-100CB1615F9A} = {CC451554-DDE8-4071-9718-ECDBCAFCDB72}
		{9358E19E-39EE-4E47-B286-2BB462B8ADA6} = {7952CE43-D06C-4D4B-B8E6-8C9916F8B123}
		{96CF4A52-92F0-4010-89C4-36AAB152D2A2} = {23F055A2-BF4B-4ACF-B24B-D96A002740D4}
	EndGlobalSection
	GlobalSection(ExtensibilityGlobals) = postSolution
		SolutionGuid = {EBE3E998-13C3-44A9-AECD-048B3C8B8F28}
	EndGlobalSection
EndGlobal
